// !$*UTF8*$!
{
	archiveVersion = 1;
	classes = {
	};
	objectVersion = 52;
	objects = {

/* Begin PBXBuildFile section */
		79225B32254687BE0071F8FE /* AppDelegate.swift in Sources */ = {isa = PBXBuildFile; fileRef = 79225B31254687BE0071F8FE /* AppDelegate.swift */; };
		79225B34254687BE0071F8FE /* SceneDelegate.swift in Sources */ = {isa = PBXBuildFile; fileRef = 79225B33254687BE0071F8FE /* SceneDelegate.swift */; };
		79225B36254687BE0071F8FE /* ViewController.swift in Sources */ = {isa = PBXBuildFile; fileRef = 79225B35254687BE0071F8FE /* ViewController.swift */; };
		79225B39254687BE0071F8FE /* Main.storyboard in Resources */ = {isa = PBXBuildFile; fileRef = 79225B37254687BE0071F8FE /* Main.storyboard */; };
		79225B3B254687C40071F8FE /* Assets.xcassets in Resources */ = {isa = PBXBuildFile; fileRef = 79225B3A254687C40071F8FE /* Assets.xcassets */; };
		79225B3E254687C40071F8FE /* LaunchScreen.storyboard in Resources */ = {isa = PBXBuildFile; fileRef = 79225B3C254687C40071F8FE /* LaunchScreen.storyboard */; };
		79225B57254689BB0071F8FE /* practiceRxTests.swift in Sources */ = {isa = PBXBuildFile; fileRef = 79225B56254689BB0071F8FE /* practiceRxTests.swift */; };
		79FDE62025468B4200D91FD9 /* practiceRxUITests.swift in Sources */ = {isa = PBXBuildFile; fileRef = 79FDE61F25468B4200D91FD9 /* practiceRxUITests.swift */; };
		79FDE62F25468C4800D91FD9 /* RxSwift in Frameworks */ = {isa = PBXBuildFile; productRef = 79FDE62E25468C4800D91FD9 /* RxSwift */; };
		79FDE63125468C4800D91FD9 /* RxTest in Frameworks */ = {isa = PBXBuildFile; productRef = 79FDE63025468C4800D91FD9 /* RxTest */; };
		79FDE63325468C4800D91FD9 /* RxRelay in Frameworks */ = {isa = PBXBuildFile; productRef = 79FDE63225468C4800D91FD9 /* RxRelay */; };
		79FDE63525468C4800D91FD9 /* RxCocoa in Frameworks */ = {isa = PBXBuildFile; productRef = 79FDE63425468C4800D91FD9 /* RxCocoa */; };
		79FDE63725468C4800D91FD9 /* RxBlocking in Frameworks */ = {isa = PBXBuildFile; productRef = 79FDE63625468C4800D91FD9 /* RxBlocking */; };
/* End PBXBuildFile section */

/* Begin PBXContainerItemProxy section */
		79225B59254689BB0071F8FE /* PBXContainerItemProxy */ = {
			isa = PBXContainerItemProxy;
			containerPortal = 79225B26254687BE0071F8FE /* Project object */;
			proxyType = 1;
			remoteGlobalIDString = 79225B2D254687BE0071F8FE;
			remoteInfo = practiceRx;
		};
		79FDE62225468B4200D91FD9 /* PBXContainerItemProxy */ = {
			isa = PBXContainerItemProxy;
			containerPortal = 79225B26254687BE0071F8FE /* Project object */;
			proxyType = 1;
			remoteGlobalIDString = 79225B2D254687BE0071F8FE;
			remoteInfo = practiceRx;
		};
/* End PBXContainerItemProxy section */

/* Begin PBXFileReference section */
		79225B2E254687BE0071F8FE /* practiceRx.app */ = {isa = PBXFileReference; explicitFileType = wrapper.application; includeInIndex = 0; path = practiceRx.app; sourceTree = BUILT_PRODUCTS_DIR; };
		79225B31254687BE0071F8FE /* AppDelegate.swift */ = {isa = PBXFileReference; lastKnownFileType = sourcecode.swift; path = AppDelegate.swift; sourceTree = "<group>"; };
		79225B33254687BE0071F8FE /* SceneDelegate.swift */ = {isa = PBXFileReference; lastKnownFileType = sourcecode.swift; path = SceneDelegate.swift; sourceTree = "<group>"; };
		79225B35254687BE0071F8FE /* ViewController.swift */ = {isa = PBXFileReference; lastKnownFileType = sourcecode.swift; path = ViewController.swift; sourceTree = "<group>"; };
		79225B38254687BE0071F8FE /* Base */ = {isa = PBXFileReference; lastKnownFileType = file.storyboard; name = Base; path = Base.lproj/Main.storyboard; sourceTree = "<group>"; };
		79225B3A254687C40071F8FE /* Assets.xcassets */ = {isa = PBXFileReference; lastKnownFileType = folder.assetcatalog; path = Assets.xcassets; sourceTree = "<group>"; };
		79225B3D254687C40071F8FE /* Base */ = {isa = PBXFileReference; lastKnownFileType = file.storyboard; name = Base; path = Base.lproj/LaunchScreen.storyboard; sourceTree = "<group>"; };
		79225B3F254687C40071F8FE /* Info.plist */ = {isa = PBXFileReference; lastKnownFileType = text.plist.xml; path = Info.plist; sourceTree = "<group>"; };
		79225B54254689BB0071F8FE /* practiceRxTests.xctest */ = {isa = PBXFileReference; explicitFileType = wrapper.cfbundle; includeInIndex = 0; path = practiceRxTests.xctest; sourceTree = BUILT_PRODUCTS_DIR; };
		79225B56254689BB0071F8FE /* practiceRxTests.swift */ = {isa = PBXFileReference; lastKnownFileType = sourcecode.swift; path = practiceRxTests.swift; sourceTree = "<group>"; };
		79225B58254689BB0071F8FE /* Info.plist */ = {isa = PBXFileReference; lastKnownFileType = text.plist.xml; path = Info.plist; sourceTree = "<group>"; };
		79FDE61D25468B4200D91FD9 /* practiceRxUITests.xctest */ = {isa = PBXFileReference; explicitFileType = wrapper.cfbundle; includeInIndex = 0; path = practiceRxUITests.xctest; sourceTree = BUILT_PRODUCTS_DIR; };
		79FDE61F25468B4200D91FD9 /* practiceRxUITests.swift */ = {isa = PBXFileReference; lastKnownFileType = sourcecode.swift; path = practiceRxUITests.swift; sourceTree = "<group>"; };
		79FDE62125468B4200D91FD9 /* Info.plist */ = {isa = PBXFileReference; lastKnownFileType = text.plist.xml; path = Info.plist; sourceTree = "<group>"; };
/* End PBXFileReference section */

/* Begin PBXFrameworksBuildPhase section */
		79225B2B254687BE0071F8FE /* Frameworks */ = {
			isa = PBXFrameworksBuildPhase;
			buildActionMask = 2147483647;
			files = (
				79FDE63525468C4800D91FD9 /* RxCocoa in Frameworks */,
				79FDE63325468C4800D91FD9 /* RxRelay in Frameworks */,
				79FDE62F25468C4800D91FD9 /* RxSwift in Frameworks */,
			);
			runOnlyForDeploymentPostprocessing = 0;
		};
		79225B51254689BB0071F8FE /* Frameworks */ = {
			isa = PBXFrameworksBuildPhase;
			buildActionMask = 2147483647;
			files = (
				79FDE63125468C4800D91FD9 /* RxTest in Frameworks */,
				79FDE63725468C4800D91FD9 /* RxBlocking in Frameworks */,
			);
			runOnlyForDeploymentPostprocessing = 0;
		};
		79FDE61A25468B4200D91FD9 /* Frameworks */ = {
			isa = PBXFrameworksBuildPhase;
			buildActionMask = 2147483647;
			files = (
			);
			runOnlyForDeploymentPostprocessing = 0;
		};
/* End PBXFrameworksBuildPhase section */

/* Begin PBXGroup section */
		79225B25254687BE0071F8FE = {
			isa = PBXGroup;
			children = (
				79225B30254687BE0071F8FE /* practiceRx */,
				79225B55254689BB0071F8FE /* practiceRxTests */,
				79FDE61E25468B4200D91FD9 /* practiceRxUITests */,
				79225B2F254687BE0071F8FE /* Products */,
			);
			sourceTree = "<group>";
		};
		79225B2F254687BE0071F8FE /* Products */ = {
			isa = PBXGroup;
			children = (
				79225B2E254687BE0071F8FE /* practiceRx.app */,
				79225B54254689BB0071F8FE /* practiceRxTests.xctest */,
				79FDE61D25468B4200D91FD9 /* practiceRxUITests.xctest */,
			);
			name = Products;
			sourceTree = "<group>";
		};
		79225B30254687BE0071F8FE /* practiceRx */ = {
			isa = PBXGroup;
			children = (
				79225B31254687BE0071F8FE /* AppDelegate.swift */,
				79225B33254687BE0071F8FE /* SceneDelegate.swift */,
				79225B35254687BE0071F8FE /* ViewController.swift */,
				79225B37254687BE0071F8FE /* Main.storyboard */,
				79225B3A254687C40071F8FE /* Assets.xcassets */,
				79225B3C254687C40071F8FE /* LaunchScreen.storyboard */,
				79225B3F254687C40071F8FE /* Info.plist */,
			);
			path = practiceRx;
			sourceTree = "<group>";
		};
		79225B55254689BB0071F8FE /* practiceRxTests */ = {
			isa = PBXGroup;
			children = (
				79225B56254689BB0071F8FE /* practiceRxTests.swift */,
				79225B58254689BB0071F8FE /* Info.plist */,
			);
			path = practiceRxTests;
			sourceTree = "<group>";
		};
		79FDE61E25468B4200D91FD9 /* practiceRxUITests */ = {
			isa = PBXGroup;
			children = (
				79FDE61F25468B4200D91FD9 /* practiceRxUITests.swift */,
				79FDE62125468B4200D91FD9 /* Info.plist */,
			);
			path = practiceRxUITests;
			sourceTree = "<group>";
		};
/* End PBXGroup section */

/* Begin PBXNativeTarget section */
		79225B2D254687BE0071F8FE /* practiceRx */ = {
			isa = PBXNativeTarget;
			buildConfigurationList = 79225B42254687C40071F8FE /* Build configuration list for PBXNativeTarget "practiceRx" */;
			buildPhases = (
				79225B2A254687BE0071F8FE /* Sources */,
				79225B2B254687BE0071F8FE /* Frameworks */,
				79225B2C254687BE0071F8FE /* Resources */,
			);
			buildRules = (
			);
			dependencies = (
			);
			name = practiceRx;
			packageProductDependencies = (
				79FDE62E25468C4800D91FD9 /* RxSwift */,
				79FDE63225468C4800D91FD9 /* RxRelay */,
				79FDE63425468C4800D91FD9 /* RxCocoa */,
			);
			productName = practiceRx;
			productReference = 79225B2E254687BE0071F8FE /* practiceRx.app */;
			productType = "com.apple.product-type.application";
		};
		79225B53254689BB0071F8FE /* practiceRxTests */ = {
			isa = PBXNativeTarget;
			buildConfigurationList = 79225B5B254689BB0071F8FE /* Build configuration list for PBXNativeTarget "practiceRxTests" */;
			buildPhases = (
				79225B50254689BB0071F8FE /* Sources */,
				79225B51254689BB0071F8FE /* Frameworks */,
				79225B52254689BB0071F8FE /* Resources */,
			);
			buildRules = (
			);
			dependencies = (
				79225B5A254689BB0071F8FE /* PBXTargetDependency */,
			);
			name = practiceRxTests;
			packageProductDependencies = (
				79FDE63025468C4800D91FD9 /* RxTest */,
				79FDE63625468C4800D91FD9 /* RxBlocking */,
			);
			productName = practiceRxTests;
			productReference = 79225B54254689BB0071F8FE /* practiceRxTests.xctest */;
			productType = "com.apple.product-type.bundle.unit-test";
		};
		79FDE61C25468B4200D91FD9 /* practiceRxUITests */ = {
			isa = PBXNativeTarget;
			buildConfigurationList = 79FDE62625468B4200D91FD9 /* Build configuration list for PBXNativeTarget "practiceRxUITests" */;
			buildPhases = (
				79FDE61925468B4200D91FD9 /* Sources */,
				79FDE61A25468B4200D91FD9 /* Frameworks */,
				79FDE61B25468B4200D91FD9 /* Resources */,
			);
			buildRules = (
			);
			dependencies = (
				79FDE62325468B4200D91FD9 /* PBXTargetDependency */,
			);
			name = practiceRxUITests;
			productName = practiceRxUITests;
			productReference = 79FDE61D25468B4200D91FD9 /* practiceRxUITests.xctest */;
			productType = "com.apple.product-type.bundle.ui-testing";
		};
/* End PBXNativeTarget section */

/* Begin PBXProject section */
		79225B26254687BE0071F8FE /* Project object */ = {
			isa = PBXProject;
			attributes = {
				LastSwiftUpdateCheck = 1210;
				LastUpgradeCheck = 1170;
				ORGANIZATIONNAME = yodaaa;
				TargetAttributes = {
					79225B2D254687BE0071F8FE = {
						CreatedOnToolsVersion = 11.7;
					};
					79225B53254689BB0071F8FE = {
						CreatedOnToolsVersion = 11.7;
						TestTargetID = 79225B2D254687BE0071F8FE;
					};
					79FDE61C25468B4200D91FD9 = {
						CreatedOnToolsVersion = 12.1;
						TestTargetID = 79225B2D254687BE0071F8FE;
					};
				};
			};
			buildConfigurationList = 79225B29254687BE0071F8FE /* Build configuration list for PBXProject "practiceRx" */;
			compatibilityVersion = "Xcode 9.3";
			developmentRegion = en;
			hasScannedForEncodings = 0;
			knownRegions = (
				en,
				Base,
			);
			mainGroup = 79225B25254687BE0071F8FE;
			packageReferences = (
				79FDE62D25468C4800D91FD9 /* XCRemoteSwiftPackageReference "RxSwift" */,
			);
			productRefGroup = 79225B2F254687BE0071F8FE /* Products */;
			projectDirPath = "";
			projectRoot = "";
			targets = (
				79225B2D254687BE0071F8FE /* practiceRx */,
				79225B53254689BB0071F8FE /* practiceRxTests */,
				79FDE61C25468B4200D91FD9 /* practiceRxUITests */,
			);
		};
/* End PBXProject section */

/* Begin PBXResourcesBuildPhase section */
		79225B2C254687BE0071F8FE /* Resources */ = {
			isa = PBXResourcesBuildPhase;
			buildActionMask = 2147483647;
			files = (
				79225B3E254687C40071F8FE /* LaunchScreen.storyboard in Resources */,
				79225B3B254687C40071F8FE /* Assets.xcassets in Resources */,
				79225B39254687BE0071F8FE /* Main.storyboard in Resources */,
			);
			runOnlyForDeploymentPostprocessing = 0;
		};
		79225B52254689BB0071F8FE /* Resources */ = {
			isa = PBXResourcesBuildPhase;
			buildActionMask = 2147483647;
			files = (
			);
			runOnlyForDeploymentPostprocessing = 0;
		};
		79FDE61B25468B4200D91FD9 /* Resources */ = {
			isa = PBXResourcesBuildPhase;
			buildActionMask = 2147483647;
			files = (
			);
			runOnlyForDeploymentPostprocessing = 0;
		};
/* End PBXResourcesBuildPhase section */

/* Begin PBXSourcesBuildPhase section */
		79225B2A254687BE0071F8FE /* Sources */ = {
			isa = PBXSourcesBuildPhase;
			buildActionMask = 2147483647;
			files = (
				79225B36254687BE0071F8FE /* ViewController.swift in Sources */,
				79225B32254687BE0071F8FE /* AppDelegate.swift in Sources */,
				79225B34254687BE0071F8FE /* SceneDelegate.swift in Sources */,
			);
			runOnlyForDeploymentPostprocessing = 0;
		};
		79225B50254689BB0071F8FE /* Sources */ = {
			isa = PBXSourcesBuildPhase;
			buildActionMask = 2147483647;
			files = (
				79225B57254689BB0071F8FE /* practiceRxTests.swift in Sources */,
			);
			runOnlyForDeploymentPostprocessing = 0;
		};
		79FDE61925468B4200D91FD9 /* Sources */ = {
			isa = PBXSourcesBuildPhase;
			buildActionMask = 2147483647;
			files = (
				79FDE62025468B4200D91FD9 /* practiceRxUITests.swift in Sources */,
			);
			runOnlyForDeploymentPostprocessing = 0;
		};
/* End PBXSourcesBuildPhase section */

/* Begin PBXTargetDependency section */
		79225B5A254689BB0071F8FE /* PBXTargetDependency */ = {
			isa = PBXTargetDependency;
			target = 79225B2D254687BE0071F8FE /* practiceRx */;
			targetProxy = 79225B59254689BB0071F8FE /* PBXContainerItemProxy */;
		};
		79FDE62325468B4200D91FD9 /* PBXTargetDependency */ = {
			isa = PBXTargetDependency;
			target = 79225B2D254687BE0071F8FE /* practiceRx */;
			targetProxy = 79FDE62225468B4200D91FD9 /* PBXContainerItemProxy */;
		};
/* End PBXTargetDependency section */

/* Begin PBXVariantGroup section */
		79225B37254687BE0071F8FE /* Main.storyboard */ = {
			isa = PBXVariantGroup;
			children = (
				79225B38254687BE0071F8FE /* Base */,
			);
			name = Main.storyboard;
			sourceTree = "<group>";
		};
		79225B3C254687C40071F8FE /* LaunchScreen.storyboard */ = {
			isa = PBXVariantGroup;
			children = (
				79225B3D254687C40071F8FE /* Base */,
			);
			name = LaunchScreen.storyboard;
			sourceTree = "<group>";
		};
/* End PBXVariantGroup section */

/* Begin XCBuildConfiguration section */
		79225B40254687C40071F8FE /* Debug */ = {
			isa = XCBuildConfiguration;
			buildSettings = {
				ALWAYS_SEARCH_USER_PATHS = NO;
				CLANG_ANALYZER_NONNULL = YES;
				CLANG_ANALYZER_NUMBER_OBJECT_CONVERSION = YES_AGGRESSIVE;
				CLANG_CXX_LANGUAGE_STANDARD = "gnu++14";
				CLANG_CXX_LIBRARY = "libc++";
				CLANG_ENABLE_MODULES = YES;
				CLANG_ENABLE_OBJC_ARC = YES;
				CLANG_ENABLE_OBJC_WEAK = YES;
				CLANG_WARN_BLOCK_CAPTURE_AUTORELEASING = YES;
				CLANG_WARN_BOOL_CONVERSION = YES;
				CLANG_WARN_COMMA = YES;
				CLANG_WARN_CONSTANT_CONVERSION = YES;
				CLANG_WARN_DEPRECATED_OBJC_IMPLEMENTATIONS = YES;
				CLANG_WARN_DIRECT_OBJC_ISA_USAGE = YES_ERROR;
				CLANG_WARN_DOCUMENTATION_COMMENTS = YES;
				CLANG_WARN_EMPTY_BODY = YES;
				CLANG_WARN_ENUM_CONVERSION = YES;
				CLANG_WARN_INFINITE_RECURSION = YES;
				CLANG_WARN_INT_CONVERSION = YES;
				CLANG_WARN_NON_LITERAL_NULL_CONVERSION = YES;
				CLANG_WARN_OBJC_IMPLICIT_RETAIN_SELF = YES;
				CLANG_WARN_OBJC_LITERAL_CONVERSION = YES;
				CLANG_WARN_OBJC_ROOT_CLASS = YES_ERROR;
				CLANG_WARN_RANGE_LOOP_ANALYSIS = YES;
				CLANG_WARN_STRICT_PROTOTYPES = YES;
				CLANG_WARN_SUSPICIOUS_MOVE = YES;
				CLANG_WARN_UNGUARDED_AVAILABILITY = YES_AGGRESSIVE;
				CLANG_WARN_UNREACHABLE_CODE = YES;
				CLANG_WARN__DUPLICATE_METHOD_MATCH = YES;
				COPY_PHASE_STRIP = NO;
				DEBUG_INFORMATION_FORMAT = dwarf;
				ENABLE_STRICT_OBJC_MSGSEND = YES;
				ENABLE_TESTABILITY = YES;
				GCC_C_LANGUAGE_STANDARD = gnu11;
				GCC_DYNAMIC_NO_PIC = NO;
				GCC_NO_COMMON_BLOCKS = YES;
				GCC_OPTIMIZATION_LEVEL = 0;
				GCC_PREPROCESSOR_DEFINITIONS = (
					"DEBUG=1",
					"$(inherited)",
				);
				GCC_WARN_64_TO_32_BIT_CONVERSION = YES;
				GCC_WARN_ABOUT_RETURN_TYPE = YES_ERROR;
				GCC_WARN_UNDECLARED_SELECTOR = YES;
				GCC_WARN_UNINITIALIZED_AUTOS = YES_AGGRESSIVE;
				GCC_WARN_UNUSED_FUNCTION = YES;
				GCC_WARN_UNUSED_VARIABLE = YES;
				IPHONEOS_DEPLOYMENT_TARGET = 13.7;
				MTL_ENABLE_DEBUG_INFO = INCLUDE_SOURCE;
				MTL_FAST_MATH = YES;
				ONLY_ACTIVE_ARCH = YES;
				SDKROOT = iphoneos;
				SWIFT_ACTIVE_COMPILATION_CONDITIONS = DEBUG;
				SWIFT_OPTIMIZATION_LEVEL = "-Onone";
			};
			name = Debug;
		};
		79225B41254687C40071F8FE /* Release */ = {
			isa = XCBuildConfiguration;
			buildSettings = {
				ALWAYS_SEARCH_USER_PATHS = NO;
				CLANG_ANALYZER_NONNULL = YES;
				CLANG_ANALYZER_NUMBER_OBJECT_CONVERSION = YES_AGGRESSIVE;
				CLANG_CXX_LANGUAGE_STANDARD = "gnu++14";
				CLANG_CXX_LIBRARY = "libc++";
				CLANG_ENABLE_MODULES = YES;
				CLANG_ENABLE_OBJC_ARC = YES;
				CLANG_ENABLE_OBJC_WEAK = YES;
				CLANG_WARN_BLOCK_CAPTURE_AUTORELEASING = YES;
				CLANG_WARN_BOOL_CONVERSION = YES;
				CLANG_WARN_COMMA = YES;
				CLANG_WARN_CONSTANT_CONVERSION = YES;
				CLANG_WARN_DEPRECATED_OBJC_IMPLEMENTATIONS = YES;
				CLANG_WARN_DIRECT_OBJC_ISA_USAGE = YES_ERROR;
				CLANG_WARN_DOCUMENTATION_COMMENTS = YES;
				CLANG_WARN_EMPTY_BODY = YES;
				CLANG_WARN_ENUM_CONVERSION = YES;
				CLANG_WARN_INFINITE_RECURSION = YES;
				CLANG_WARN_INT_CONVERSION = YES;
				CLANG_WARN_NON_LITERAL_NULL_CONVERSION = YES;
				CLANG_WARN_OBJC_IMPLICIT_RETAIN_SELF = YES;
				CLANG_WARN_OBJC_LITERAL_CONVERSION = YES;
				CLANG_WARN_OBJC_ROOT_CLASS = YES_ERROR;
				CLANG_WARN_RANGE_LOOP_ANALYSIS = YES;
				CLANG_WARN_STRICT_PROTOTYPES = YES;
				CLANG_WARN_SUSPICIOUS_MOVE = YES;
				CLANG_WARN_UNGUARDED_AVAILABILITY = YES_AGGRESSIVE;
				CLANG_WARN_UNREACHABLE_CODE = YES;
				CLANG_WARN__DUPLICATE_METHOD_MATCH = YES;
				COPY_PHASE_STRIP = NO;
				DEBUG_INFORMATION_FORMAT = "dwarf-with-dsym";
				ENABLE_NS_ASSERTIONS = NO;
				ENABLE_STRICT_OBJC_MSGSEND = YES;
				GCC_C_LANGUAGE_STANDARD = gnu11;
				GCC_NO_COMMON_BLOCKS = YES;
				GCC_WARN_64_TO_32_BIT_CONVERSION = YES;
				GCC_WARN_ABOUT_RETURN_TYPE = YES_ERROR;
				GCC_WARN_UNDECLARED_SELECTOR = YES;
				GCC_WARN_UNINITIALIZED_AUTOS = YES_AGGRESSIVE;
				GCC_WARN_UNUSED_FUNCTION = YES;
				GCC_WARN_UNUSED_VARIABLE = YES;
				IPHONEOS_DEPLOYMENT_TARGET = 13.7;
				MTL_ENABLE_DEBUG_INFO = NO;
				MTL_FAST_MATH = YES;
				SDKROOT = iphoneos;
				SWIFT_COMPILATION_MODE = wholemodule;
				SWIFT_OPTIMIZATION_LEVEL = "-O";
				VALIDATE_PRODUCT = YES;
			};
			name = Release;
		};
		79225B43254687C40071F8FE /* Debug */ = {
			isa = XCBuildConfiguration;
			buildSettings = {
				ASSETCATALOG_COMPILER_APPICON_NAME = AppIcon;
				CODE_SIGN_STYLE = Automatic;
				DEVELOPMENT_TEAM = SKGH3PPX4X;
				INFOPLIST_FILE = practiceRx/Info.plist;
				LD_RUNPATH_SEARCH_PATHS = (
					"$(inherited)",
					"@executable_path/Frameworks",
				);
				PRODUCT_BUNDLE_IDENTIFIER = com.yodaaa.practiceRx;
				PRODUCT_NAME = "$(TARGET_NAME)";
				SWIFT_VERSION = 5.0;
				TARGETED_DEVICE_FAMILY = 1;
			};
			name = Debug;
		};
		79225B44254687C40071F8FE /* Release */ = {
			isa = XCBuildConfiguration;
			buildSettings = {
				ASSETCATALOG_COMPILER_APPICON_NAME = AppIcon;
				CODE_SIGN_STYLE = Automatic;
				DEVELOPMENT_TEAM = SKGH3PPX4X;
				INFOPLIST_FILE = practiceRx/Info.plist;
				LD_RUNPATH_SEARCH_PATHS = (
					"$(inherited)",
					"@executable_path/Frameworks",
				);
				PRODUCT_BUNDLE_IDENTIFIER = com.yodaaa.practiceRx;
				PRODUCT_NAME = "$(TARGET_NAME)";
				SWIFT_VERSION = 5.0;
				TARGETED_DEVICE_FAMILY = 1;
			};
			name = Release;
		};
		79225B5C254689BB0071F8FE /* Debug */ = {
			isa = XCBuildConfiguration;
			buildSettings = {
				BUNDLE_LOADER = "$(TEST_HOST)";
				CODE_SIGN_STYLE = Automatic;
				DEVELOPMENT_TEAM = SKGH3PPX4X;
				INFOPLIST_FILE = practiceRxTests/Info.plist;
				LD_RUNPATH_SEARCH_PATHS = (
					"$(inherited)",
					"@executable_path/Frameworks",
					"@loader_path/Frameworks",
				);
				PRODUCT_BUNDLE_IDENTIFIER = com.yodaaa.practiceRxTests;
				PRODUCT_NAME = "$(TARGET_NAME)";
				SWIFT_VERSION = 5.0;
				TARGETED_DEVICE_FAMILY = "1,2";
				TEST_HOST = "$(BUILT_PRODUCTS_DIR)/practiceRx.app/practiceRx";
			};
			name = Debug;
		};
		79225B5D254689BB0071F8FE /* Release */ = {
			isa = XCBuildConfiguration;
			buildSettings = {
				BUNDLE_LOADER = "$(TEST_HOST)";
				CODE_SIGN_STYLE = Automatic;
				DEVELOPMENT_TEAM = SKGH3PPX4X;
				INFOPLIST_FILE = practiceRxTests/Info.plist;
				LD_RUNPATH_SEARCH_PATHS = (
					"$(inherited)",
					"@executable_path/Frameworks",
					"@loader_path/Frameworks",
				);
				PRODUCT_BUNDLE_IDENTIFIER = com.yodaaa.practiceRxTests;
				PRODUCT_NAME = "$(TARGET_NAME)";
				SWIFT_VERSION = 5.0;
				TARGETED_DEVICE_FAMILY = "1,2";
				TEST_HOST = "$(BUILT_PRODUCTS_DIR)/practiceRx.app/practiceRx";
			};
			name = Release;
		};
		79FDE62425468B4200D91FD9 /* Debug */ = {
			isa = XCBuildConfiguration;
			buildSettings = {
				CLANG_WARN_QUOTED_INCLUDE_IN_FRAMEWORK_HEADER = YES;
				CODE_SIGN_STYLE = Automatic;
				DEVELOPMENT_TEAM = SKGH3PPX4X;
				INFOPLIST_FILE = practiceRxUITests/Info.plist;
				IPHONEOS_DEPLOYMENT_TARGET = 14.1;
				LD_RUNPATH_SEARCH_PATHS = (
					"$(inherited)",
					"@executable_path/Frameworks",
					"@loader_path/Frameworks",
				);
				PRODUCT_BUNDLE_IDENTIFIER = com.yodaaa.practiceRxUITests;
				PRODUCT_NAME = "$(TARGET_NAME)";
				SWIFT_VERSION = 5.0;
				TARGETED_DEVICE_FAMILY = "1,2";
				TEST_TARGET_NAME = practiceRx;
			};
			name = Debug;
		};
		79FDE62525468B4200D91FD9 /* Release */ = {
			isa = XCBuildConfiguration;
			buildSettings = {
				CLANG_WARN_QUOTED_INCLUDE_IN_FRAMEWORK_HEADER = YES;
				CODE_SIGN_STYLE = Automatic;
				DEVELOPMENT_TEAM = SKGH3PPX4X;
				INFOPLIST_FILE = practiceRxUITests/Info.plist;
				IPHONEOS_DEPLOYMENT_TARGET = 14.1;
				LD_RUNPATH_SEARCH_PATHS = (
					"$(inherited)",
					"@executable_path/Frameworks",
					"@loader_path/Frameworks",
				);
				PRODUCT_BUNDLE_IDENTIFIER = com.yodaaa.practiceRxUITests;
				PRODUCT_NAME = "$(TARGET_NAME)";
				SWIFT_VERSION = 5.0;
				TARGETED_DEVICE_FAMILY = "1,2";
				TEST_TARGET_NAME = practiceRx;
			};
			name = Release;
		};
/* End XCBuildConfiguration section */

/* Begin XCConfigurationList section */
		79225B29254687BE0071F8FE /* Build configuration list for PBXProject "practiceRx" */ = {
			isa = XCConfigurationList;
			buildConfigurations = (
				79225B40254687C40071F8FE /* Debug */,
				79225B41254687C40071F8FE /* Release */,
			);
			defaultConfigurationIsVisible = 0;
			defaultConfigurationName = Release;
		};
		79225B42254687C40071F8FE /* Build configuration list for PBXNativeTarget "practiceRx" */ = {
			isa = XCConfigurationList;
			buildConfigurations = (
				79225B43254687C40071F8FE /* Debug */,
				79225B44254687C40071F8FE /* Release */,
			);
			defaultConfigurationIsVisible = 0;
			defaultConfigurationName = Release;
		};
		79225B5B254689BB0071F8FE /* Build configuration list for PBXNativeTarget "practiceRxTests" */ = {
			isa = XCConfigurationList;
			buildConfigurations = (
				79225B5C254689BB0071F8FE /* Debug */,
				79225B5D254689BB0071F8FE /* Release */,
			);
			defaultConfigurationIsVisible = 0;
			defaultConfigurationName = Release;
		};
		79FDE62625468B4200D91FD9 /* Build configuration list for PBXNativeTarget "practiceRxUITests" */ = {
			isa = XCConfigurationList;
			buildConfigurations = (
				79FDE62425468B4200D91FD9 /* Debug */,
				79FDE62525468B4200D91FD9 /* Release */,
			);
			defaultConfigurationIsVisible = 0;
			defaultConfigurationName = Release;
		};
/* End XCConfigurationList section */

/* Begin XCRemoteSwiftPackageReference section */
		79FDE62D25468C4800D91FD9 /* XCRemoteSwiftPackageReference "RxSwift" */ = {
			isa = XCRemoteSwiftPackageReference;
			repositoryURL = "https://github.com/ReactiveX/RxSwift";
			requirement = {
				kind = upToNextMajorVersion;
				minimumVersion = 5.1.1;
			};
		};
/* End XCRemoteSwiftPackageReference section */

/* Begin XCSwiftPackageProductDependency section */
		79FDE62E25468C4800D91FD9 /* RxSwift */ = {
			isa = XCSwiftPackageProductDependency;
			package = 79FDE62D25468C4800D91FD9 /* XCRemoteSwiftPackageReference "RxSwift" */;
			productName = RxSwift;
		};
		79FDE63025468C4800D91FD9 /* RxTest */ = {
			isa = XCSwiftPackageProductDependency;
			package = 79FDE62D25468C4800D91FD9 /* XCRemoteSwiftPackageReference "RxSwift" */;
			productName = RxTest;
		};
		79FDE63225468C4800D91FD9 /* RxRelay */ = {
			isa = XCSwiftPackageProductDependency;
			package = 79FDE62D25468C4800D91FD9 /* XCRemoteSwiftPackageReference "RxSwift" */;
			productName = RxRelay;
		};
		79FDE63425468C4800D91FD9 /* RxCocoa */ = {
			isa = XCSwiftPackageProductDependency;
			package = 79FDE62D25468C4800D91FD9 /* XCRemoteSwiftPackageReference "RxSwift" */;
			productName = RxCocoa;
		};
		79FDE63625468C4800D91FD9 /* RxBlocking */ = {
			isa = XCSwiftPackageProductDependency;
			package = 79FDE62D25468C4800D91FD9 /* XCRemoteSwiftPackageReference "RxSwift" */;
			productName = RxBlocking;
		};
/* End XCSwiftPackageProductDependency section */
	};
	rootObject = 79225B26254687BE0071F8FE /* Project object */;
}
